// !$*UTF8*$!
{
	archiveVersion = 1;
	classes = {
	};
	objectVersion = 51;
	objects = {

/* Begin PBXBuildFile section */
		72BE2608222CA70600CDF9DA /* highercontroller.swift in Sources */ = {isa = PBXBuildFile; fileRef = 72BE2607222CA70600CDF9DA /* highercontroller.swift */; };
		72ECDB672229A2DC00479E77 /* board.swift in Sources */ = {isa = PBXBuildFile; fileRef = 72ECDB662229A2DC00479E77 /* board.swift */; };
		72ECDB69222A43DB00479E77 /* ButtonTile.swift in Sources */ = {isa = PBXBuildFile; fileRef = 72ECDB68222A43DB00479E77 /* ButtonTile.swift */; };
		98A0FC762222E6FC002A877D /* AppDelegate.swift in Sources */ = {isa = PBXBuildFile; fileRef = 98A0FC752222E6FC002A877D /* AppDelegate.swift */; };
		98A0FC782222E6FC002A877D /* ViewController.swift in Sources */ = {isa = PBXBuildFile; fileRef = 98A0FC772222E6FC002A877D /* ViewController.swift */; };
		98A0FC7B2222E6FC002A877D /* Main.storyboard in Resources */ = {isa = PBXBuildFile; fileRef = 98A0FC792222E6FC002A877D /* Main.storyboard */; };
		98A0FC7D2222E6FD002A877D /* Assets.xcassets in Resources */ = {isa = PBXBuildFile; fileRef = 98A0FC7C2222E6FD002A877D /* Assets.xcassets */; };
		98A0FC802222E6FD002A877D /* LaunchScreen.storyboard in Resources */ = {isa = PBXBuildFile; fileRef = 98A0FC7E2222E6FD002A877D /* LaunchScreen.storyboard */; };
		98A0FC8B2222E6FD002A877D /* assign3Tests.swift in Sources */ = {isa = PBXBuildFile; fileRef = 98A0FC8A2222E6FD002A877D /* assign3Tests.swift */; };
		98A0FC962222E6FD002A877D /* assign3UITests.swift in Sources */ = {isa = PBXBuildFile; fileRef = 98A0FC952222E6FD002A877D /* assign3UITests.swift */; };
		98A0FCA42222E71F002A877D /* model.swift in Sources */ = {isa = PBXBuildFile; fileRef = 98A0FCA32222E71F002A877D /* model.swift */; };
/* End PBXBuildFile section */

/* Begin PBXContainerItemProxy section */
		98A0FC872222E6FD002A877D /* PBXContainerItemProxy */ = {
			isa = PBXContainerItemProxy;
			containerPortal = 98A0FC6A2222E6FC002A877D /* Project object */;
			proxyType = 1;
			remoteGlobalIDString = 98A0FC712222E6FC002A877D;
			remoteInfo = assign3;
		};
		98A0FC922222E6FD002A877D /* PBXContainerItemProxy */ = {
			isa = PBXContainerItemProxy;
			containerPortal = 98A0FC6A2222E6FC002A877D /* Project object */;
			proxyType = 1;
			remoteGlobalIDString = 98A0FC712222E6FC002A877D;
			remoteInfo = assign3;
		};
/* End PBXContainerItemProxy section */

/* Begin PBXFileReference section */
		72BE2607222CA70600CDF9DA /* highercontroller.swift */ = {isa = PBXFileReference; lastKnownFileType = sourcecode.swift; path = highercontroller.swift; sourceTree = "<group>"; };
		72ECDB662229A2DC00479E77 /* board.swift */ = {isa = PBXFileReference; lastKnownFileType = sourcecode.swift; path = board.swift; sourceTree = "<group>"; };
		72ECDB68222A43DB00479E77 /* ButtonTile.swift */ = {isa = PBXFileReference; lastKnownFileType = sourcecode.swift; path = ButtonTile.swift; sourceTree = "<group>"; };
		98A0FC722222E6FC002A877D /* assign3.app */ = {isa = PBXFileReference; explicitFileType = wrapper.application; includeInIndex = 0; path = assign3.app; sourceTree = BUILT_PRODUCTS_DIR; };
		98A0FC752222E6FC002A877D /* AppDelegate.swift */ = {isa = PBXFileReference; lastKnownFileType = sourcecode.swift; path = AppDelegate.swift; sourceTree = "<group>"; };
		98A0FC772222E6FC002A877D /* ViewController.swift */ = {isa = PBXFileReference; lastKnownFileType = sourcecode.swift; path = ViewController.swift; sourceTree = "<group>"; };
		98A0FC7A2222E6FC002A877D /* Base */ = {isa = PBXFileReference; lastKnownFileType = file.storyboard; name = Base; path = Base.lproj/Main.storyboard; sourceTree = "<group>"; };
		98A0FC7C2222E6FD002A877D /* Assets.xcassets */ = {isa = PBXFileReference; lastKnownFileType = folder.assetcatalog; path = Assets.xcassets; sourceTree = "<group>"; };
		98A0FC7F2222E6FD002A877D /* Base */ = {isa = PBXFileReference; lastKnownFileType = file.storyboard; name = Base; path = Base.lproj/LaunchScreen.storyboard; sourceTree = "<group>"; };
		98A0FC812222E6FD002A877D /* Info.plist */ = {isa = PBXFileReference; lastKnownFileType = text.plist.xml; path = Info.plist; sourceTree = "<group>"; };
		98A0FC862222E6FD002A877D /* assign3Tests.xctest */ = {isa = PBXFileReference; explicitFileType = wrapper.cfbundle; includeInIndex = 0; path = assign3Tests.xctest; sourceTree = BUILT_PRODUCTS_DIR; };
		98A0FC8A2222E6FD002A877D /* assign3Tests.swift */ = {isa = PBXFileReference; lastKnownFileType = sourcecode.swift; path = assign3Tests.swift; sourceTree = "<group>"; };
		98A0FC8C2222E6FD002A877D /* Info.plist */ = {isa = PBXFileReference; lastKnownFileType = text.plist.xml; path = Info.plist; sourceTree = "<group>"; };
		98A0FC912222E6FD002A877D /* assign3UITests.xctest */ = {isa = PBXFileReference; explicitFileType = wrapper.cfbundle; includeInIndex = 0; path = assign3UITests.xctest; sourceTree = BUILT_PRODUCTS_DIR; };
		98A0FC952222E6FD002A877D /* assign3UITests.swift */ = {isa = PBXFileReference; lastKnownFileType = sourcecode.swift; path = assign3UITests.swift; sourceTree = "<group>"; };
		98A0FC972222E6FD002A877D /* Info.plist */ = {isa = PBXFileReference; lastKnownFileType = text.plist.xml; path = Info.plist; sourceTree = "<group>"; };
		98A0FCA32222E71F002A877D /* model.swift */ = {isa = PBXFileReference; lastKnownFileType = sourcecode.swift; path = model.swift; sourceTree = "<group>"; };
/* End PBXFileReference section */

/* Begin PBXFrameworksBuildPhase section */
		98A0FC6F2222E6FC002A877D /* Frameworks */ = {
			isa = PBXFrameworksBuildPhase;
			buildActionMask = 2147483647;
			files = (
			);
			runOnlyForDeploymentPostprocessing = 0;
		};
		98A0FC832222E6FD002A877D /* Frameworks */ = {
			isa = PBXFrameworksBuildPhase;
			buildActionMask = 2147483647;
			files = (
			);
			runOnlyForDeploymentPostprocessing = 0;
		};
		98A0FC8E2222E6FD002A877D /* Frameworks */ = {
			isa = PBXFrameworksBuildPhase;
			buildActionMask = 2147483647;
			files = (
			);
			runOnlyForDeploymentPostprocessing = 0;
		};
/* End PBXFrameworksBuildPhase section */

/* Begin PBXGroup section */
		98A0FC692222E6FC002A877D = {
			isa = PBXGroup;
			children = (
				98A0FC742222E6FC002A877D /* assign3 */,
				98A0FC892222E6FD002A877D /* assign3Tests */,
				98A0FC942222E6FD002A877D /* assign3UITests */,
				98A0FC732222E6FC002A877D /* Products */,
			);
			sourceTree = "<group>";
		};
		98A0FC732222E6FC002A877D /* Products */ = {
			isa = PBXGroup;
			children = (
				98A0FC722222E6FC002A877D /* assign3.app */,
				98A0FC862222E6FD002A877D /* assign3Tests.xctest */,
				98A0FC912222E6FD002A877D /* assign3UITests.xctest */,
			);
			name = Products;
			sourceTree = "<group>";
		};
		98A0FC742222E6FC002A877D /* assign3 */ = {
			isa = PBXGroup;
			children = (
				98A0FC812222E6FD002A877D /* Info.plist */,
				98A0FCA32222E71F002A877D /* model.swift */,
				98A0FC772222E6FC002A877D /* ViewController.swift */,
				98A0FC792222E6FC002A877D /* Main.storyboard */,
				72ECDB662229A2DC00479E77 /* board.swift */,
				72ECDB68222A43DB00479E77 /* ButtonTile.swift */,
				72BE2607222CA70600CDF9DA /* highercontroller.swift */,
				98A0FCA52222E743002A877D /* Support files */,
			);
			path = assign3;
			sourceTree = "<group>";
		};
		98A0FC892222E6FD002A877D /* assign3Tests */ = {
			isa = PBXGroup;
			children = (
				98A0FC8C2222E6FD002A877D /* Info.plist */,
				98A0FC8A2222E6FD002A877D /* assign3Tests.swift */,
			);
			path = assign3Tests;
			sourceTree = "<group>";
		};
		98A0FC942222E6FD002A877D /* assign3UITests */ = {
			isa = PBXGroup;
			children = (
				98A0FC972222E6FD002A877D /* Info.plist */,
				98A0FC952222E6FD002A877D /* assign3UITests.swift */,
			);
			path = assign3UITests;
			sourceTree = "<group>";
		};
		98A0FCA52222E743002A877D /* Support files */ = {
			isa = PBXGroup;
			children = (
				98A0FC752222E6FC002A877D /* AppDelegate.swift */,
				98A0FC7C2222E6FD002A877D /* Assets.xcassets */,
				98A0FC7E2222E6FD002A877D /* LaunchScreen.storyboard */,
			);
			path = "Support files";
			sourceTree = "<group>";
		};
/* End PBXGroup section */

/* Begin PBXNativeTarget section */
		98A0FC712222E6FC002A877D /* assign3 */ = {
			isa = PBXNativeTarget;
			buildConfigurationList = 98A0FC9A2222E6FE002A877D /* Build configuration list for PBXNativeTarget "assign3" */;
			buildPhases = (
				98A0FC6E2222E6FC002A877D /* Sources */,
				98A0FC6F2222E6FC002A877D /* Frameworks */,
				98A0FC702222E6FC002A877D /* Resources */,
			);
			buildRules = (
			);
			dependencies = (
			);
			name = assign3;
			productName = assign3;
			productReference = 98A0FC722222E6FC002A877D /* assign3.app */;
			productType = "com.apple.product-type.application";
		};
		98A0FC852222E6FD002A877D /* assign3Tests */ = {
			isa = PBXNativeTarget;
			buildConfigurationList = 98A0FC9D2222E6FE002A877D /* Build configuration list for PBXNativeTarget "assign3Tests" */;
			buildPhases = (
				98A0FC822222E6FD002A877D /* Sources */,
				98A0FC832222E6FD002A877D /* Frameworks */,
				98A0FC842222E6FD002A877D /* Resources */,
			);
			buildRules = (
			);
			dependencies = (
				98A0FC882222E6FD002A877D /* PBXTargetDependency */,
			);
			name = assign3Tests;
			productName = assign3Tests;
			productReference = 98A0FC862222E6FD002A877D /* assign3Tests.xctest */;
			productType = "com.apple.product-type.bundle.unit-test";
		};
		98A0FC902222E6FD002A877D /* assign3UITests */ = {
			isa = PBXNativeTarget;
			buildConfigurationList = 98A0FCA02222E6FE002A877D /* Build configuration list for PBXNativeTarget "assign3UITests" */;
			buildPhases = (
				98A0FC8D2222E6FD002A877D /* Sources */,
				98A0FC8E2222E6FD002A877D /* Frameworks */,
				98A0FC8F2222E6FD002A877D /* Resources */,
			);
			buildRules = (
			);
			dependencies = (
				98A0FC932222E6FD002A877D /* PBXTargetDependency */,
			);
			name = assign3UITests;
			productName = assign3UITests;
			productReference = 98A0FC912222E6FD002A877D /* assign3UITests.xctest */;
			productType = "com.apple.product-type.bundle.ui-testing";
		};
/* End PBXNativeTarget section */

/* Begin PBXProject section */
		98A0FC6A2222E6FC002A877D /* Project object */ = {
			isa = PBXProject;
			attributes = {
				LastSwiftUpdateCheck = 1010;
				LastUpgradeCheck = 1010;
				ORGANIZATIONNAME = "";
				TargetAttributes = {
					98A0FC712222E6FC002A877D = {
						CreatedOnToolsVersion = 10.1;
					};
					98A0FC852222E6FD002A877D = {
						CreatedOnToolsVersion = 10.1;
						TestTargetID = 98A0FC712222E6FC002A877D;
					};
					98A0FC902222E6FD002A877D = {
						CreatedOnToolsVersion = 10.1;
						TestTargetID = 98A0FC712222E6FC002A877D;
					};
				};
			};
			buildConfigurationList = 98A0FC6D2222E6FC002A877D /* Build configuration list for PBXProject "assign3" */;
			compatibilityVersion = "Xcode 10.0";
			developmentRegion = en;
			hasScannedForEncodings = 0;
			knownRegions = (
				en,
				Base,
			);
			mainGroup = 98A0FC692222E6FC002A877D;
			productRefGroup = 98A0FC732222E6FC002A877D /* Products */;
			projectDirPath = "";
			projectRoot = "";
			targets = (
				98A0FC712222E6FC002A877D /* assign3 */,
				98A0FC852222E6FD002A877D /* assign3Tests */,
				98A0FC902222E6FD002A877D /* assign3UITests */,
			);
		};
/* End PBXProject section */

/* Begin PBXResourcesBuildPhase section */
		98A0FC702222E6FC002A877D /* Resources */ = {
			isa = PBXResourcesBuildPhase;
			buildActionMask = 2147483647;
			files = (
				98A0FC802222E6FD002A877D /* LaunchScreen.storyboard in Resources */,
				98A0FC7D2222E6FD002A877D /* Assets.xcassets in Resources */,
				98A0FC7B2222E6FC002A877D /* Main.storyboard in Resources */,
			);
			runOnlyForDeploymentPostprocessing = 0;
		};
		98A0FC842222E6FD002A877D /* Resources */ = {
			isa = PBXResourcesBuildPhase;
			buildActionMask = 2147483647;
			files = (
			);
			runOnlyForDeploymentPostprocessing = 0;
		};
		98A0FC8F2222E6FD002A877D /* Resources */ = {
			isa = PBXResourcesBuildPhase;
			buildActionMask = 2147483647;
			files = (
			);
			runOnlyForDeploymentPostprocessing = 0;
		};
/* End PBXResourcesBuildPhase section */

/* Begin PBXSourcesBuildPhase section */
		98A0FC6E2222E6FC002A877D /* Sources */ = {
			isa = PBXSourcesBuildPhase;
			buildActionMask = 2147483647;
			files = (
				72ECDB69222A43DB00479E77 /* ButtonTile.swift in Sources */,
				98A0FC782222E6FC002A877D /* ViewController.swift in Sources */,
				72BE2608222CA70600CDF9DA /* highercontroller.swift in Sources */,
				98A0FCA42222E71F002A877D /* model.swift in Sources */,
				72ECDB672229A2DC00479E77 /* board.swift in Sources */,
				98A0FC762222E6FC002A877D /* AppDelegate.swift in Sources */,
			);
			runOnlyForDeploymentPostprocessing = 0;
		};
		98A0FC822222E6FD002A877D /* Sources */ = {
			isa = PBXSourcesBuildPhase;
			buildActionMask = 2147483647;
			files = (
				98A0FC8B2222E6FD002A877D /* assign3Tests.swift in Sources */,
			);
			runOnlyForDeploymentPostprocessing = 0;
		};
		98A0FC8D2222E6FD002A877D /* Sources */ = {
			isa = PBXSourcesBuildPhase;
			buildActionMask = 2147483647;
			files = (
				98A0FC962222E6FD002A877D /* assign3UITests.swift in Sources */,
			);
			runOnlyForDeploymentPostprocessing = 0;
		};
/* End PBXSourcesBuildPhase section */

/* Begin PBXTargetDependency section */
		98A0FC882222E6FD002A877D /* PBXTargetDependency */ = {
			isa = PBXTargetDependency;
			target = 98A0FC712222E6FC002A877D /* assign3 */;
			targetProxy = 98A0FC872222E6FD002A877D /* PBXContainerItemProxy */;
		};
		98A0FC932222E6FD002A877D /* PBXTargetDependency */ = {
			isa = PBXTargetDependency;
			target = 98A0FC712222E6FC002A877D /* assign3 */;
			targetProxy = 98A0FC922222E6FD002A877D /* PBXContainerItemProxy */;
		};
/* End PBXTargetDependency section */

/* Begin PBXVariantGroup section */
		98A0FC792222E6FC002A877D /* Main.storyboard */ = {
			isa = PBXVariantGroup;
			children = (
				98A0FC7A2222E6FC002A877D /* Base */,
			);
			name = Main.storyboard;
			sourceTree = "<group>";
		};
		98A0FC7E2222E6FD002A877D /* LaunchScreen.storyboard */ = {
			isa = PBXVariantGroup;
			children = (
				98A0FC7F2222E6FD002A877D /* Base */,
			);
			name = LaunchScreen.storyboard;
			sourceTree = "<group>";
		};
/* End PBXVariantGroup section */

/* Begin XCBuildConfiguration section */
		98A0FC982222E6FD002A877D /* Debug */ = {
			isa = XCBuildConfiguration;
			buildSettings = {
				ALWAYS_SEARCH_USER_PATHS = NO;
				CLANG_ANALYZER_NONNULL = YES;
				CLANG_ANALYZER_NUMBER_OBJECT_CONVERSION = YES_AGGRESSIVE;
				CLANG_CXX_LANGUAGE_STANDARD = "gnu++14";
				CLANG_CXX_LIBRARY = "libc++";
				CLANG_ENABLE_MODULES = YES;
				CLANG_ENABLE_OBJC_ARC = YES;
				CLANG_ENABLE_OBJC_WEAK = YES;
				CLANG_WARN_BLOCK_CAPTURE_AUTORELEASING = YES;
				CLANG_WARN_BOOL_CONVERSION = YES;
				CLANG_WARN_COMMA = YES;
				CLANG_WARN_CONSTANT_CONVERSION = YES;
				CLANG_WARN_DEPRECATED_OBJC_IMPLEMENTATIONS = YES;
				CLANG_WARN_DIRECT_OBJC_ISA_USAGE = YES_ERROR;
				CLANG_WARN_DOCUMENTATION_COMMENTS = YES;
				CLANG_WARN_EMPTY_BODY = YES;
				CLANG_WARN_ENUM_CONVERSION = YES;
				CLANG_WARN_INFINITE_RECURSION = YES;
				CLANG_WARN_INT_CONVERSION = YES;
				CLANG_WARN_NON_LITERAL_NULL_CONVERSION = YES;
				CLANG_WARN_OBJC_IMPLICIT_RETAIN_SELF = YES;
				CLANG_WARN_OBJC_LITERAL_CONVERSION = YES;
				CLANG_WARN_OBJC_ROOT_CLASS = YES_ERROR;
				CLANG_WARN_RANGE_LOOP_ANALYSIS = YES;
				CLANG_WARN_STRICT_PROTOTYPES = YES;
				CLANG_WARN_SUSPICIOUS_MOVE = YES;
				CLANG_WARN_UNGUARDED_AVAILABILITY = YES_AGGRESSIVE;
				CLANG_WARN_UNREACHABLE_CODE = YES;
				CLANG_WARN__DUPLICATE_METHOD_MATCH = YES;
				CODE_SIGN_IDENTITY = "iPhone Developer";
				COPY_PHASE_STRIP = NO;
				DEBUG_INFORMATION_FORMAT = dwarf;
				ENABLE_STRICT_OBJC_MSGSEND = YES;
				ENABLE_TESTABILITY = YES;
				GCC_C_LANGUAGE_STANDARD = gnu11;
				GCC_DYNAMIC_NO_PIC = NO;
				GCC_NO_COMMON_BLOCKS = YES;
				GCC_OPTIMIZATION_LEVEL = 0;
				GCC_PREPROCESSOR_DEFINITIONS = (
					"DEBUG=1",
					"$(inherited)",
				);
				GCC_WARN_64_TO_32_BIT_CONVERSION = YES;
				GCC_WARN_ABOUT_RETURN_TYPE = YES_ERROR;
				GCC_WARN_UNDECLARED_SELECTOR = YES;
				GCC_WARN_UNINITIALIZED_AUTOS = YES_AGGRESSIVE;
				GCC_WARN_UNUSED_FUNCTION = YES;
				GCC_WARN_UNUSED_VARIABLE = YES;
				IPHONEOS_DEPLOYMENT_TARGET = 12.1;
				MTL_ENABLE_DEBUG_INFO = INCLUDE_SOURCE;
				MTL_FAST_MATH = YES;
				ONLY_ACTIVE_ARCH = YES;
				SDKROOT = iphoneos;
				SWIFT_ACTIVE_COMPILATION_CONDITIONS = DEBUG;
				SWIFT_OPTIMIZATION_LEVEL = "-Onone";
			};
			name = Debug;
		};
		98A0FC992222E6FD002A877D /* Release */ = {
			isa = XCBuildConfiguration;
			buildSettings = {
				ALWAYS_SEARCH_USER_PATHS = NO;
				CLANG_ANALYZER_NONNULL = YES;
				CLANG_ANALYZER_NUMBER_OBJECT_CONVERSION = YES_AGGRESSIVE;
				CLANG_CXX_LANGUAGE_STANDARD = "gnu++14";
				CLANG_CXX_LIBRARY = "libc++";
				CLANG_ENABLE_MODULES = YES;
				CLANG_ENABLE_OBJC_ARC = YES;
				CLANG_ENABLE_OBJC_WEAK = YES;
				CLANG_WARN_BLOCK_CAPTURE_AUTORELEASING = YES;
				CLANG_WARN_BOOL_CONVERSION = YES;
				CLANG_WARN_COMMA = YES;
				CLANG_WARN_CONSTANT_CONVERSION = YES;
				CLANG_WARN_DEPRECATED_OBJC_IMPLEMENTATIONS = YES;
				CLANG_WARN_DIRECT_OBJC_ISA_USAGE = YES_ERROR;
				CLANG_WARN_DOCUMENTATION_COMMENTS = YES;
				CLANG_WARN_EMPTY_BODY = YES;
				CLANG_WARN_ENUM_CONVERSION = YES;
				CLANG_WARN_INFINITE_RECURSION = YES;
				CLANG_WARN_INT_CONVERSION = YES;
				CLANG_WARN_NON_LITERAL_NULL_CONVERSION = YES;
				CLANG_WARN_OBJC_IMPLICIT_RETAIN_SELF = YES;
				CLANG_WARN_OBJC_LITERAL_CONVERSION = YES;
				CLANG_WARN_OBJC_ROOT_CLASS = YES_ERROR;
				CLANG_WARN_RANGE_LOOP_ANALYSIS = YES;
				CLANG_WARN_STRICT_PROTOTYPES = YES;
				CLANG_WARN_SUSPICIOUS_MOVE = YES;
				CLANG_WARN_UNGUARDED_AVAILABILITY = YES_AGGRESSIVE;
				CLANG_WARN_UNREACHABLE_CODE = YES;
				CLANG_WARN__DUPLICATE_METHOD_MATCH = YES;
				CODE_SIGN_IDENTITY = "iPhone Developer";
				COPY_PHASE_STRIP = NO;
				DEBUG_INFORMATION_FORMAT = "dwarf-with-dsym";
				ENABLE_NS_ASSERTIONS = NO;
				ENABLE_STRICT_OBJC_MSGSEND = YES;
				GCC_C_LANGUAGE_STANDARD = gnu11;
				GCC_NO_COMMON_BLOCKS = YES;
				GCC_WARN_64_TO_32_BIT_CONVERSION = YES;
				GCC_WARN_ABOUT_RETURN_TYPE = YES_ERROR;
				GCC_WARN_UNDECLARED_SELECTOR = YES;
				GCC_WARN_UNINITIALIZED_AUTOS = YES_AGGRESSIVE;
				GCC_WARN_UNUSED_FUNCTION = YES;
				GCC_WARN_UNUSED_VARIABLE = YES;
				IPHONEOS_DEPLOYMENT_TARGET = 12.1;
				MTL_ENABLE_DEBUG_INFO = NO;
				MTL_FAST_MATH = YES;
				SDKROOT = iphoneos;
				SWIFT_COMPILATION_MODE = wholemodule;
				SWIFT_OPTIMIZATION_LEVEL = "-O";
				VALIDATE_PRODUCT = YES;
			};
			name = Release;
		};
		98A0FC9B2222E6FE002A877D /* Debug */ = {
			isa = XCBuildConfiguration;
			buildSettings = {
				ASSETCATALOG_COMPILER_APPICON_NAME = AppIcon;
				CODE_SIGN_STYLE = Automatic;
				DEVELOPMENT_TEAM = "";
				INFOPLIST_FILE = assign3/Info.plist;
				LD_RUNPATH_SEARCH_PATHS = (
					"$(inherited)",
					"@executable_path/Frameworks",
				);
				PRODUCT_BUNDLE_IDENTIFIER = Thomas.William;
				PRODUCT_NAME = "$(TARGET_NAME)";
				SWIFT_VERSION = 4.2;
				TARGETED_DEVICE_FAMILY = "1,2";
			};
			name = Debug;
		};
		98A0FC9C2222E6FE002A877D /* Release */ = {
			isa = XCBuildConfiguration;
			buildSettings = {
				ASSETCATALOG_COMPILER_APPICON_NAME = AppIcon;
				CODE_SIGN_STYLE = Automatic;
				DEVELOPMENT_TEAM = "";
				INFOPLIST_FILE = assign3/Info.plist;
				LD_RUNPATH_SEARCH_PATHS = (
					"$(inherited)",
					"@executable_path/Frameworks",
				);
				PRODUCT_BUNDLE_IDENTIFIER = Thomas.William;
				PRODUCT_NAME = "$(TARGET_NAME)";
				SWIFT_VERSION = 4.2;
				TARGETED_DEVICE_FAMILY = "1,2";
			};
			name = Release;
		};
		98A0FC9E2222E6FE002A877D /* Debug */ = {
			isa = XCBuildConfiguration;
			buildSettings = {
				ALWAYS_EMBED_SWIFT_STANDARD_LIBRARIES = YES;
				BUNDLE_LOADER = "$(TEST_HOST)";
				CODE_SIGN_STYLE = Automatic;
				DEVELOPMENT_TEAM = 88APX46FR6;
				INFOPLIST_FILE = assign3Tests/Info.plist;
				LD_RUNPATH_SEARCH_PATHS = (
					"$(inherited)",
					"@executable_path/Frameworks",
					"@loader_path/Frameworks",
				);
				PRODUCT_BUNDLE_IDENTIFIER = edu.umd.keleher.assign3Tests;
				PRODUCT_NAME = "$(TARGET_NAME)";
				SWIFT_VERSION = 4.2;
				TARGETED_DEVICE_FAMILY = "1,2";
				TEST_HOST = "$(BUILT_PRODUCTS_DIR)/assign3.app/assign3";
			};
			name = Debug;
		};
		98A0FC9F2222E6FE002A877D /* Release */ = {
			isa = XCBuildConfiguration;
			buildSettings = {
				ALWAYS_EMBED_SWIFT_STANDARD_LIBRARIES = YES;
				BUNDLE_LOADER = "$(TEST_HOST)";
				CODE_SIGN_STYLE = Automatic;
				DEVELOPMENT_TEAM = 88APX46FR6;
				INFOPLIST_FILE = assign3Tests/Info.plist;
				LD_RUNPATH_SEARCH_PATHS = (
					"$(inherited)",
					"@executable_path/Frameworks",
					"@loader_path/Frameworks",
				);
				PRODUCT_BUNDLE_IDENTIFIER = edu.umd.keleher.assign3Tests;
				PRODUCT_NAME = "$(TARGET_NAME)";
				SWIFT_VERSION = 4.2;
				TARGETED_DEVICE_FAMILY = "1,2";
				TEST_HOST = "$(BUILT_PRODUCTS_DIR)/assign3.app/assign3";
			};
			name = Release;
		};
		98A0FCA12222E6FE002A877D /* Debug */ = {
			isa = XCBuildConfiguration;
			buildSettings = {
				ALWAYS_EMBED_SWIFT_STANDARD_LIBRARIES = YES;
				CODE_SIGN_STYLE = Automatic;
				DEVELOPMENT_TEAM = 88APX46FR6;
				INFOPLIST_FILE = assign3UITests/Info.plist;
				LD_RUNPATH_SEARCH_PATHS = (
					"$(inherited)",
					"@executable_path/Frameworks",
					"@loader_path/Frameworks",
				);
				PRODUCT_BUNDLE_IDENTIFIER = edu.umd.keleher.assign3UITests;
				PRODUCT_NAME = "$(TARGET_NAME)";
				SWIFT_VERSION = 4.2;
				TARGETED_DEVICE_FAMILY = "1,2";
				TEST_TARGET_NAME = assign3;
			};
			name = Debug;
		};
		98A0FCA22222E6FE002A877D /* Release */ = {
			isa = XCBuildConfiguration;
			buildSettings = {
				ALWAYS_EMBED_SWIFT_STANDARD_LIBRARIES = YES;
				CODE_SIGN_STYLE = Automatic;
				DEVELOPMENT_TEAM = 88APX46FR6;
				INFOPLIST_FILE = assign3UITests/Info.plist;
				LD_RUNPATH_SEARCH_PATHS = (
					"$(inherited)",
					"@executable_path/Frameworks",
					"@loader_path/Frameworks",
				);
				PRODUCT_BUNDLE_IDENTIFIER = edu.umd.keleher.assign3UITests;
				PRODUCT_NAME = "$(TARGET_NAME)";
				SWIFT_VERSION = 4.2;
				TARGETED_DEVICE_FAMILY = "1,2";
				TEST_TARGET_NAME = assign3;
			};
			name = Release;
		};
/* End XCBuildConfiguration section */

/* Begin XCConfigurationList section */
		98A0FC6D2222E6FC002A877D /* Build configuration list for PBXProject "assign3" */ = {
			isa = XCConfigurationList;
			buildConfigurations = (
				98A0FC982222E6FD002A877D /* Debug */,
				98A0FC992222E6FD002A877D /* Release */,
			);
			defaultConfigurationIsVisible = 0;
			defaultConfigurationName = Release;
		};
		98A0FC9A2222E6FE002A877D /* Build configuration list for PBXNativeTarget "assign3" */ = {
			isa = XCConfigurationList;
			buildConfigurations = (
				98A0FC9B2222E6FE002A877D /* Debug */,
				98A0FC9C2222E6FE002A877D /* Release */,
			);
			defaultConfigurationIsVisible = 0;
			defaultConfigurationName = Release;
		};
		98A0FC9D2222E6FE002A877D /* Build configuration list for PBXNativeTarget "assign3Tests" */ = {
			isa = XCConfigurationList;
			buildConfigurations = (
				98A0FC9E2222E6FE002A877D /* Debug */,
				98A0FC9F2222E6FE002A877D /* Release */,
			);
			defaultConfigurationIsVisible = 0;
			defaultConfigurationName = Release;
		};
		98A0FCA02222E6FE002A877D /* Build configuration list for PBXNativeTarget "assign3UITests" */ = {
			isa = XCConfigurationList;
			buildConfigurations = (
				98A0FCA12222E6FE002A877D /* Debug */,
				98A0FCA22222E6FE002A877D /* Release */,
			);
			defaultConfigurationIsVisible = 0;
			defaultConfigurationName = Release;
		};
/* End XCConfigurationList section */
	};
	rootObject = 98A0FC6A2222E6FC002A877D /* Project object */;
}
